{
  "name": "check-my-npm-package",
  "version": "1.0.0",
  "lockfileVersion": 3,
  "requires": true,
  "packages": {
    "": {
      "name": "check-my-npm-package",
      "version": "1.0.0",
      "license": "ISC",
      "dependencies": {
        "@gfnvortex/test-npm-package": "^1.0.1"
      },
      "devDependencies": {
        "typescript": "^5.3.3"
      }
    },
    "node_modules/@gfnvortex/test-npm-package": {
      "version": "1.0.1",
      "resolved": "https://registry.npmjs.org/@gfnvortex/test-npm-package/-/test-npm-package-1.0.1.tgz",
      "integrity": "sha512-VXjRlDrpWGNxSOmG9SwXIIXIHtTSAVvkw9HSIxEc/CGxAg/OW9hMZGi64bjSRLxdNDhlf59FptdcQlu8xuJp9Q=="
    },
    "node_modules/typescript": {
      "version": "5.3.3",
      "resolved": "https://registry.npmjs.org/typescript/-/typescript-5.3.3.tgz",
      "integrity": "sha512-pXWcraxM0uxAS+tN0AG/BF2TyqmHO014Z070UsJ+pFvYuRSq8KH8DmWpnbXe0pEPDHXZV3FcAbJkijJ5oNEnWw==",
      "dev": true,
      "bin": {
        "tsc": "bin/tsc",
        "tsserver": "bin/tsserver"
      },
      "engines": {
        "node": ">=14.17"
      }
    }
  }
}
